// !$*UTF8*$!
{
	archiveVersion = 1;
	classes = {
	};
	objectVersion = 56;
	objects = {

/* Begin PBXBuildFile section */
		C62B1D462B91352F00B01DF4 /* ProgressBar.swift in Sources */ = {isa = PBXBuildFile; fileRef = C62B1D452B91352F00B01DF4 /* ProgressBar.swift */; };
		FD8F17862B9A99C400528673 /* WeatherAPIServerRequest.swift in Sources */ = {isa = PBXBuildFile; fileRef = FD8F17852B9A99C400528673 /* WeatherAPIServerRequest.swift */; };
		FD8F17892B9A9ACB00528673 /* Alamofire in Frameworks */ = {isa = PBXBuildFile; productRef = FD8F17882B9A9ACB00528673 /* Alamofire */; };
		FD8F178B2B9A9ACB00528673 /* AlamofireDynamic in Frameworks */ = {isa = PBXBuildFile; productRef = FD8F178A2B9A9ACB00528673 /* AlamofireDynamic */; };
		FD8F178E2B9A9AE900528673 /* SwiftyJSON in Frameworks */ = {isa = PBXBuildFile; productRef = FD8F178D2B9A9AE900528673 /* SwiftyJSON */; };
		FD8F17912B9A9E6000528673 /* HealthAPI.swift in Sources */ = {isa = PBXBuildFile; fileRef = FD8F17902B9A9E6000528673 /* HealthAPI.swift */; };
		FD8F17942B9A9EA300528673 /* StepModel.swift in Sources */ = {isa = PBXBuildFile; fileRef = FD8F17932B9A9EA300528673 /* StepModel.swift */; };
		FD8F179C2B9AA54E00528673 /* CoreDataManager.swift in Sources */ = {isa = PBXBuildFile; fileRef = FD8F179B2B9AA54E00528673 /* CoreDataManager.swift */; };
		FD8F179F2B9AA5F400528673 /* SettingsView.swift in Sources */ = {isa = PBXBuildFile; fileRef = FD8F179E2B9AA5F400528673 /* SettingsView.swift */; };
		FD8F17A62B9AA9DC00528673 /* WelcomeView.swift in Sources */ = {isa = PBXBuildFile; fileRef = FD8F17A52B9AA9DC00528673 /* WelcomeView.swift */; };
		FD8F17A82B9AADE200528673 /* GettingToKnowYouView.swift in Sources */ = {isa = PBXBuildFile; fileRef = FD8F17A72B9AADE200528673 /* GettingToKnowYouView.swift */; };
		FD8F17AA2B9AAF2200528673 /* GettingToKnowYouView2.swift in Sources */ = {isa = PBXBuildFile; fileRef = FD8F17A92B9AAF2200528673 /* GettingToKnowYouView2.swift */; };
		FD8F17AC2B9AAF2C00528673 /* GettingToKnowYouView3.swift in Sources */ = {isa = PBXBuildFile; fileRef = FD8F17AB2B9AAF2C00528673 /* GettingToKnowYouView3.swift */; };
		FD8F17AF2B9AB4B300528673 /* WaterDB.xcdatamodeld in Sources */ = {isa = PBXBuildFile; fileRef = FD8F17AD2B9AB4B300528673 /* WaterDB.xcdatamodeld */; };
		FDA57DB52B8EB39C001CD170 /* Recalibration_491_Water_App.swift in Sources */ = {isa = PBXBuildFile; fileRef = FDA57DB42B8EB39C001CD170 /* Recalibration_491_Water_App.swift */; };
		FDA57DB72B8EB39C001CD170 /* ContentView.swift in Sources */ = {isa = PBXBuildFile; fileRef = FDA57DB62B8EB39C001CD170 /* ContentView.swift */; };
		FDA57DB92B8EB39E001CD170 /* Assets.xcassets in Resources */ = {isa = PBXBuildFile; fileRef = FDA57DB82B8EB39E001CD170 /* Assets.xcassets */; };
		FDA57DBC2B8EB39E001CD170 /* Preview Assets.xcassets in Resources */ = {isa = PBXBuildFile; fileRef = FDA57DBB2B8EB39E001CD170 /* Preview Assets.xcassets */; };
		FDA57DC42B8EB3F1001CD170 /* HomePage.swift in Sources */ = {isa = PBXBuildFile; fileRef = FDA57DC32B8EB3F1001CD170 /* HomePage.swift */; };
		FDA57DC62B8ED042001CD170 /* DailyLog.swift in Sources */ = {isa = PBXBuildFile; fileRef = FDA57DC52B8ED042001CD170 /* DailyLog.swift */; };
		FDA57DC92B8ED0D8001CD170 /* Extension.swift in Sources */ = {isa = PBXBuildFile; fileRef = FDA57DC82B8ED0D8001CD170 /* Extension.swift */; };
/* End PBXBuildFile section */

/* Begin PBXFileReference section */
		C62B1D452B91352F00B01DF4 /* ProgressBar.swift */ = {isa = PBXFileReference; lastKnownFileType = sourcecode.swift; path = ProgressBar.swift; sourceTree = "<group>"; };
		FD8F17852B9A99C400528673 /* WeatherAPIServerRequest.swift */ = {isa = PBXFileReference; lastKnownFileType = sourcecode.swift; path = WeatherAPIServerRequest.swift; sourceTree = "<group>"; };
		FD8F17902B9A9E6000528673 /* HealthAPI.swift */ = {isa = PBXFileReference; lastKnownFileType = sourcecode.swift; path = HealthAPI.swift; sourceTree = "<group>"; };
		FD8F17932B9A9EA300528673 /* StepModel.swift */ = {isa = PBXFileReference; lastKnownFileType = sourcecode.swift; path = StepModel.swift; sourceTree = "<group>"; };
		FD8F17952B9AA0B800528673 /* Recalibration-491-Water--Info.plist */ = {isa = PBXFileReference; lastKnownFileType = text.plist; path = "Recalibration-491-Water--Info.plist"; sourceTree = SOURCE_ROOT; };
		FD8F17962B9AA1CA00528673 /* Recalibration-491_Water+Debug.entitlements */ = {isa = PBXFileReference; lastKnownFileType = text.plist.entitlements; path = "Recalibration-491_Water+Debug.entitlements"; sourceTree = "<group>"; };
		FD8F179B2B9AA54E00528673 /* CoreDataManager.swift */ = {isa = PBXFileReference; lastKnownFileType = sourcecode.swift; path = CoreDataManager.swift; sourceTree = "<group>"; };
		FD8F179E2B9AA5F400528673 /* SettingsView.swift */ = {isa = PBXFileReference; lastKnownFileType = sourcecode.swift; path = SettingsView.swift; sourceTree = "<group>"; };
		FD8F17A52B9AA9DC00528673 /* WelcomeView.swift */ = {isa = PBXFileReference; lastKnownFileType = sourcecode.swift; path = WelcomeView.swift; sourceTree = "<group>"; };
		FD8F17A72B9AADE200528673 /* GettingToKnowYouView.swift */ = {isa = PBXFileReference; lastKnownFileType = sourcecode.swift; path = GettingToKnowYouView.swift; sourceTree = "<group>"; };
		FD8F17A92B9AAF2200528673 /* GettingToKnowYouView2.swift */ = {isa = PBXFileReference; lastKnownFileType = sourcecode.swift; path = GettingToKnowYouView2.swift; sourceTree = "<group>"; };
		FD8F17AB2B9AAF2C00528673 /* GettingToKnowYouView3.swift */ = {isa = PBXFileReference; lastKnownFileType = sourcecode.swift; path = GettingToKnowYouView3.swift; sourceTree = "<group>"; };
		FD8F17AE2B9AB4B300528673 /* WaterDB.xcdatamodel */ = {isa = PBXFileReference; lastKnownFileType = wrapper.xcdatamodel; path = WaterDB.xcdatamodel; sourceTree = "<group>"; };
		FDA57DB12B8EB39C001CD170 /* Recalibration-491_Water+.app */ = {isa = PBXFileReference; explicitFileType = wrapper.application; includeInIndex = 0; path = "Recalibration-491_Water+.app"; sourceTree = BUILT_PRODUCTS_DIR; };
		FDA57DB42B8EB39C001CD170 /* Recalibration_491_Water_App.swift */ = {isa = PBXFileReference; lastKnownFileType = sourcecode.swift; path = Recalibration_491_Water_App.swift; sourceTree = "<group>"; };
		FDA57DB62B8EB39C001CD170 /* ContentView.swift */ = {isa = PBXFileReference; lastKnownFileType = sourcecode.swift; path = ContentView.swift; sourceTree = "<group>"; };
		FDA57DB82B8EB39E001CD170 /* Assets.xcassets */ = {isa = PBXFileReference; lastKnownFileType = folder.assetcatalog; path = Assets.xcassets; sourceTree = "<group>"; };
		FDA57DBB2B8EB39E001CD170 /* Preview Assets.xcassets */ = {isa = PBXFileReference; lastKnownFileType = folder.assetcatalog; path = "Preview Assets.xcassets"; sourceTree = "<group>"; };
		FDA57DC32B8EB3F1001CD170 /* HomePage.swift */ = {isa = PBXFileReference; lastKnownFileType = sourcecode.swift; path = HomePage.swift; sourceTree = "<group>"; };
		FDA57DC52B8ED042001CD170 /* DailyLog.swift */ = {isa = PBXFileReference; lastKnownFileType = sourcecode.swift; path = DailyLog.swift; sourceTree = "<group>"; };
		FDA57DC82B8ED0D8001CD170 /* Extension.swift */ = {isa = PBXFileReference; lastKnownFileType = sourcecode.swift; path = Extension.swift; sourceTree = "<group>"; };
/* End PBXFileReference section */

/* Begin PBXFrameworksBuildPhase section */
		FDA57DAE2B8EB39C001CD170 /* Frameworks */ = {
			isa = PBXFrameworksBuildPhase;
			buildActionMask = 2147483647;
			files = (
				FD8F178E2B9A9AE900528673 /* SwiftyJSON in Frameworks */,
				FD8F17892B9A9ACB00528673 /* Alamofire in Frameworks */,
				FD8F178B2B9A9ACB00528673 /* AlamofireDynamic in Frameworks */,
			);
			runOnlyForDeploymentPostprocessing = 0;
		};
/* End PBXFrameworksBuildPhase section */

/* Begin PBXGroup section */
		FD8F17842B9A99B000528673 /* WeatherAPI */ = {
			isa = PBXGroup;
			children = (
				FD8F17852B9A99C400528673 /* WeatherAPIServerRequest.swift */,
			);
			path = WeatherAPI;
			sourceTree = "<group>";
		};
		FD8F178F2B9A9DEF00528673 /* HealthKit */ = {
			isa = PBXGroup;
			children = (
				FD8F17902B9A9E6000528673 /* HealthAPI.swift */,
			);
			path = HealthKit;
			sourceTree = "<group>";
		};
		FD8F17922B9A9E9800528673 /* Model */ = {
			isa = PBXGroup;
			children = (
				FD8F17932B9A9EA300528673 /* StepModel.swift */,
			);
			path = Model;
			sourceTree = "<group>";
		};
		FD8F179A2B9AA54300528673 /* Manager */ = {
			isa = PBXGroup;
			children = (
				FD8F179B2B9AA54E00528673 /* CoreDataManager.swift */,
			);
			path = Manager;
			sourceTree = "<group>";
		};
		FD8F179D2B9AA5E600528673 /* Settings */ = {
			isa = PBXGroup;
			children = (
				FD8F179E2B9AA5F400528673 /* SettingsView.swift */,
			);
			path = Settings;
			sourceTree = "<group>";
		};
		FD8F17A22B9AA96000528673 /* UserInfoStart */ = {
			isa = PBXGroup;
			children = (
				FD8F17A52B9AA9DC00528673 /* WelcomeView.swift */,
				FD8F17A72B9AADE200528673 /* GettingToKnowYouView.swift */,
				FD8F17A92B9AAF2200528673 /* GettingToKnowYouView2.swift */,
				FD8F17AB2B9AAF2C00528673 /* GettingToKnowYouView3.swift */,
			);
			path = UserInfoStart;
			sourceTree = "<group>";
		};
		FDA57DA82B8EB39C001CD170 = {
			isa = PBXGroup;
			children = (
				FD8F17AD2B9AB4B300528673 /* WaterDB.xcdatamodeld */,
				FDA57DB32B8EB39C001CD170 /* Recalibration-491_Water+ */,
				FDA57DB22B8EB39C001CD170 /* Products */,
			);
			sourceTree = "<group>";
		};
		FDA57DB22B8EB39C001CD170 /* Products */ = {
			isa = PBXGroup;
			children = (
				FDA57DB12B8EB39C001CD170 /* Recalibration-491_Water+.app */,
			);
			name = Products;
			sourceTree = "<group>";
		};
		FDA57DB32B8EB39C001CD170 /* Recalibration-491_Water+ */ = {
			isa = PBXGroup;
			children = (
				FD8F17A22B9AA96000528673 /* UserInfoStart */,
				FD8F179D2B9AA5E600528673 /* Settings */,
				FD8F179A2B9AA54300528673 /* Manager */,
				FD8F17962B9AA1CA00528673 /* Recalibration-491_Water+Debug.entitlements */,
				FD8F17952B9AA0B800528673 /* Recalibration-491-Water--Info.plist */,
				FD8F17922B9A9E9800528673 /* Model */,
				FD8F178F2B9A9DEF00528673 /* HealthKit */,
				FD8F17842B9A99B000528673 /* WeatherAPI */,
				FDA57DC72B8ED0A6001CD170 /* Extensions */,
				FDA57DC22B8EB3E7001CD170 /* Home */,
				FDA57DB42B8EB39C001CD170 /* Recalibration_491_Water_App.swift */,
				FDA57DB62B8EB39C001CD170 /* ContentView.swift */,
				FDA57DB82B8EB39E001CD170 /* Assets.xcassets */,
				FDA57DBA2B8EB39E001CD170 /* Preview Content */,
			);
			path = "Recalibration-491_Water+";
			sourceTree = "<group>";
		};
		FDA57DBA2B8EB39E001CD170 /* Preview Content */ = {
			isa = PBXGroup;
			children = (
				FDA57DBB2B8EB39E001CD170 /* Preview Assets.xcassets */,
			);
			path = "Preview Content";
			sourceTree = "<group>";
		};
		FDA57DC22B8EB3E7001CD170 /* Home */ = {
			isa = PBXGroup;
			children = (
				FDA57DC32B8EB3F1001CD170 /* HomePage.swift */,
				C62B1D452B91352F00B01DF4 /* ProgressBar.swift */,
				FDA57DC52B8ED042001CD170 /* DailyLog.swift */,
			);
			path = Home;
			sourceTree = "<group>";
		};
		FDA57DC72B8ED0A6001CD170 /* Extensions */ = {
			isa = PBXGroup;
			children = (
				FDA57DC82B8ED0D8001CD170 /* Extension.swift */,
			);
			path = Extensions;
			sourceTree = "<group>";
		};
/* End PBXGroup section */

/* Begin PBXNativeTarget section */
		FDA57DB02B8EB39C001CD170 /* Recalibration-491_Water+ */ = {
			isa = PBXNativeTarget;
			buildConfigurationList = FDA57DBF2B8EB39E001CD170 /* Build configuration list for PBXNativeTarget "Recalibration-491_Water+" */;
			buildPhases = (
				FDA57DAD2B8EB39C001CD170 /* Sources */,
				FDA57DAE2B8EB39C001CD170 /* Frameworks */,
				FDA57DAF2B8EB39C001CD170 /* Resources */,
			);
			buildRules = (
			);
			dependencies = (
			);
			name = "Recalibration-491_Water+";
			packageProductDependencies = (
				FD8F17882B9A9ACB00528673 /* Alamofire */,
				FD8F178A2B9A9ACB00528673 /* AlamofireDynamic */,
				FD8F178D2B9A9AE900528673 /* SwiftyJSON */,
			);
			productName = "Recalibration-491_Water+";
			productReference = FDA57DB12B8EB39C001CD170 /* Recalibration-491_Water+.app */;
			productType = "com.apple.product-type.application";
		};
/* End PBXNativeTarget section */

/* Begin PBXProject section */
		FDA57DA92B8EB39C001CD170 /* Project object */ = {
			isa = PBXProject;
			attributes = {
				BuildIndependentTargetsInParallel = 1;
				LastSwiftUpdateCheck = 1520;
				LastUpgradeCheck = 1520;
				TargetAttributes = {
					FDA57DB02B8EB39C001CD170 = {
						CreatedOnToolsVersion = 15.2;
					};
				};
			};
			buildConfigurationList = FDA57DAC2B8EB39C001CD170 /* Build configuration list for PBXProject "Recalibration-491_Water+" */;
			compatibilityVersion = "Xcode 14.0";
			developmentRegion = en;
			hasScannedForEncodings = 0;
			knownRegions = (
				en,
				Base,
			);
			mainGroup = FDA57DA82B8EB39C001CD170;
			packageReferences = (
				FD8F17872B9A9ACB00528673 /* XCRemoteSwiftPackageReference "Alamofire" */,
				FD8F178C2B9A9AE900528673 /* XCRemoteSwiftPackageReference "SwiftyJSON" */,
			);
			productRefGroup = FDA57DB22B8EB39C001CD170 /* Products */;
			projectDirPath = "";
			projectRoot = "";
			targets = (
				FDA57DB02B8EB39C001CD170 /* Recalibration-491_Water+ */,
			);
		};
/* End PBXProject section */

/* Begin PBXResourcesBuildPhase section */
		FDA57DAF2B8EB39C001CD170 /* Resources */ = {
			isa = PBXResourcesBuildPhase;
			buildActionMask = 2147483647;
			files = (
				FDA57DBC2B8EB39E001CD170 /* Preview Assets.xcassets in Resources */,
				FDA57DB92B8EB39E001CD170 /* Assets.xcassets in Resources */,
			);
			runOnlyForDeploymentPostprocessing = 0;
		};
/* End PBXResourcesBuildPhase section */

/* Begin PBXSourcesBuildPhase section */
		FDA57DAD2B8EB39C001CD170 /* Sources */ = {
			isa = PBXSourcesBuildPhase;
			buildActionMask = 2147483647;
			files = (
				FD8F17862B9A99C400528673 /* WeatherAPIServerRequest.swift in Sources */,
				FD8F17AA2B9AAF2200528673 /* GettingToKnowYouView2.swift in Sources */,
				FD8F17942B9A9EA300528673 /* StepModel.swift in Sources */,
				FDA57DC92B8ED0D8001CD170 /* Extension.swift in Sources */,
				FD8F17912B9A9E6000528673 /* HealthAPI.swift in Sources */,
				FD8F17AF2B9AB4B300528673 /* WaterDB.xcdatamodeld in Sources */,
				FD8F17AC2B9AAF2C00528673 /* GettingToKnowYouView3.swift in Sources */,
				FDA57DB72B8EB39C001CD170 /* ContentView.swift in Sources */,
				FDA57DC42B8EB3F1001CD170 /* HomePage.swift in Sources */,
				FDA57DC62B8ED042001CD170 /* DailyLog.swift in Sources */,
				C62B1D462B91352F00B01DF4 /* ProgressBar.swift in Sources */,
				FD8F17A82B9AADE200528673 /* GettingToKnowYouView.swift in Sources */,
				FD8F179F2B9AA5F400528673 /* SettingsView.swift in Sources */,
				FDA57DB52B8EB39C001CD170 /* Recalibration_491_Water_App.swift in Sources */,
				FD8F179C2B9AA54E00528673 /* CoreDataManager.swift in Sources */,
				FD8F17A62B9AA9DC00528673 /* WelcomeView.swift in Sources */,
			);
			runOnlyForDeploymentPostprocessing = 0;
		};
/* End PBXSourcesBuildPhase section */

/* Begin XCBuildConfiguration section */
		FDA57DBD2B8EB39E001CD170 /* Debug */ = {
			isa = XCBuildConfiguration;
			buildSettings = {
				ALWAYS_SEARCH_USER_PATHS = NO;
				ASSETCATALOG_COMPILER_GENERATE_SWIFT_ASSET_SYMBOL_EXTENSIONS = YES;
				CLANG_ANALYZER_NONNULL = YES;
				CLANG_ANALYZER_NUMBER_OBJECT_CONVERSION = YES_AGGRESSIVE;
				CLANG_CXX_LANGUAGE_STANDARD = "gnu++20";
				CLANG_ENABLE_MODULES = YES;
				CLANG_ENABLE_OBJC_ARC = YES;
				CLANG_ENABLE_OBJC_WEAK = YES;
				CLANG_WARN_BLOCK_CAPTURE_AUTORELEASING = YES;
				CLANG_WARN_BOOL_CONVERSION = YES;
				CLANG_WARN_COMMA = YES;
				CLANG_WARN_CONSTANT_CONVERSION = YES;
				CLANG_WARN_DEPRECATED_OBJC_IMPLEMENTATIONS = YES;
				CLANG_WARN_DIRECT_OBJC_ISA_USAGE = YES_ERROR;
				CLANG_WARN_DOCUMENTATION_COMMENTS = YES;
				CLANG_WARN_EMPTY_BODY = YES;
				CLANG_WARN_ENUM_CONVERSION = YES;
				CLANG_WARN_INFINITE_RECURSION = YES;
				CLANG_WARN_INT_CONVERSION = YES;
				CLANG_WARN_NON_LITERAL_NULL_CONVERSION = YES;
				CLANG_WARN_OBJC_IMPLICIT_RETAIN_SELF = YES;
				CLANG_WARN_OBJC_LITERAL_CONVERSION = YES;
				CLANG_WARN_OBJC_ROOT_CLASS = YES_ERROR;
				CLANG_WARN_QUOTED_INCLUDE_IN_FRAMEWORK_HEADER = YES;
				CLANG_WARN_RANGE_LOOP_ANALYSIS = YES;
				CLANG_WARN_STRICT_PROTOTYPES = YES;
				CLANG_WARN_SUSPICIOUS_MOVE = YES;
				CLANG_WARN_UNGUARDED_AVAILABILITY = YES_AGGRESSIVE;
				CLANG_WARN_UNREACHABLE_CODE = YES;
				CLANG_WARN__DUPLICATE_METHOD_MATCH = YES;
				COPY_PHASE_STRIP = NO;
				DEBUG_INFORMATION_FORMAT = dwarf;
				ENABLE_STRICT_OBJC_MSGSEND = YES;
				ENABLE_TESTABILITY = YES;
				ENABLE_USER_SCRIPT_SANDBOXING = YES;
				GCC_C_LANGUAGE_STANDARD = gnu17;
				GCC_DYNAMIC_NO_PIC = NO;
				GCC_NO_COMMON_BLOCKS = YES;
				GCC_OPTIMIZATION_LEVEL = 0;
				GCC_PREPROCESSOR_DEFINITIONS = (
					"DEBUG=1",
					"$(inherited)",
				);
				GCC_WARN_64_TO_32_BIT_CONVERSION = YES;
				GCC_WARN_ABOUT_RETURN_TYPE = YES_ERROR;
				GCC_WARN_UNDECLARED_SELECTOR = YES;
				GCC_WARN_UNINITIALIZED_AUTOS = YES_AGGRESSIVE;
				GCC_WARN_UNUSED_FUNCTION = YES;
				GCC_WARN_UNUSED_VARIABLE = YES;
				IPHONEOS_DEPLOYMENT_TARGET = 17.2;
				LOCALIZATION_PREFERS_STRING_CATALOGS = YES;
				MTL_ENABLE_DEBUG_INFO = INCLUDE_SOURCE;
				MTL_FAST_MATH = YES;
				ONLY_ACTIVE_ARCH = YES;
				SDKROOT = iphoneos;
				SWIFT_ACTIVE_COMPILATION_CONDITIONS = "DEBUG $(inherited)";
				SWIFT_OPTIMIZATION_LEVEL = "-Onone";
			};
			name = Debug;
		};
		FDA57DBE2B8EB39E001CD170 /* Release */ = {
			isa = XCBuildConfiguration;
			buildSettings = {
				ALWAYS_SEARCH_USER_PATHS = NO;
				ASSETCATALOG_COMPILER_GENERATE_SWIFT_ASSET_SYMBOL_EXTENSIONS = YES;
				CLANG_ANALYZER_NONNULL = YES;
				CLANG_ANALYZER_NUMBER_OBJECT_CONVERSION = YES_AGGRESSIVE;
				CLANG_CXX_LANGUAGE_STANDARD = "gnu++20";
				CLANG_ENABLE_MODULES = YES;
				CLANG_ENABLE_OBJC_ARC = YES;
				CLANG_ENABLE_OBJC_WEAK = YES;
				CLANG_WARN_BLOCK_CAPTURE_AUTORELEASING = YES;
				CLANG_WARN_BOOL_CONVERSION = YES;
				CLANG_WARN_COMMA = YES;
				CLANG_WARN_CONSTANT_CONVERSION = YES;
				CLANG_WARN_DEPRECATED_OBJC_IMPLEMENTATIONS = YES;
				CLANG_WARN_DIRECT_OBJC_ISA_USAGE = YES_ERROR;
				CLANG_WARN_DOCUMENTATION_COMMENTS = YES;
				CLANG_WARN_EMPTY_BODY = YES;
				CLANG_WARN_ENUM_CONVERSION = YES;
				CLANG_WARN_INFINITE_RECURSION = YES;
				CLANG_WARN_INT_CONVERSION = YES;
				CLANG_WARN_NON_LITERAL_NULL_CONVERSION = YES;
				CLANG_WARN_OBJC_IMPLICIT_RETAIN_SELF = YES;
				CLANG_WARN_OBJC_LITERAL_CONVERSION = YES;
				CLANG_WARN_OBJC_ROOT_CLASS = YES_ERROR;
				CLANG_WARN_QUOTED_INCLUDE_IN_FRAMEWORK_HEADER = YES;
				CLANG_WARN_RANGE_LOOP_ANALYSIS = YES;
				CLANG_WARN_STRICT_PROTOTYPES = YES;
				CLANG_WARN_SUSPICIOUS_MOVE = YES;
				CLANG_WARN_UNGUARDED_AVAILABILITY = YES_AGGRESSIVE;
				CLANG_WARN_UNREACHABLE_CODE = YES;
				CLANG_WARN__DUPLICATE_METHOD_MATCH = YES;
				COPY_PHASE_STRIP = NO;
				DEBUG_INFORMATION_FORMAT = "dwarf-with-dsym";
				ENABLE_NS_ASSERTIONS = NO;
				ENABLE_STRICT_OBJC_MSGSEND = YES;
				ENABLE_USER_SCRIPT_SANDBOXING = YES;
				GCC_C_LANGUAGE_STANDARD = gnu17;
				GCC_NO_COMMON_BLOCKS = YES;
				GCC_WARN_64_TO_32_BIT_CONVERSION = YES;
				GCC_WARN_ABOUT_RETURN_TYPE = YES_ERROR;
				GCC_WARN_UNDECLARED_SELECTOR = YES;
				GCC_WARN_UNINITIALIZED_AUTOS = YES_AGGRESSIVE;
				GCC_WARN_UNUSED_FUNCTION = YES;
				GCC_WARN_UNUSED_VARIABLE = YES;
				IPHONEOS_DEPLOYMENT_TARGET = 17.2;
				LOCALIZATION_PREFERS_STRING_CATALOGS = YES;
				MTL_ENABLE_DEBUG_INFO = NO;
				MTL_FAST_MATH = YES;
				SDKROOT = iphoneos;
				SWIFT_COMPILATION_MODE = wholemodule;
				VALIDATE_PRODUCT = YES;
			};
			name = Release;
		};
		FDA57DC02B8EB39E001CD170 /* Debug */ = {
			isa = XCBuildConfiguration;
			buildSettings = {
				ASSETCATALOG_COMPILER_APPICON_NAME = AppIcon;
				ASSETCATALOG_COMPILER_GLOBAL_ACCENT_COLOR_NAME = AccentColor;
				CODE_SIGN_ENTITLEMENTS = "Recalibration-491_Water+/Recalibration-491_Water+Debug.entitlements";
				CODE_SIGN_STYLE = Automatic;
				CURRENT_PROJECT_VERSION = 1;
				DEVELOPMENT_ASSET_PATHS = "\"Recalibration-491_Water+/Preview Content\"";
				DEVELOPMENT_TEAM = AQYU6V44Z6;
				ENABLE_PREVIEWS = YES;
				GENERATE_INFOPLIST_FILE = YES;
				INFOPLIST_FILE = "Recalibration-491-Water--Info.plist";
				INFOPLIST_KEY_NSHealthClinicalHealthRecordsShareUsageDescription = "Health sharing";
				INFOPLIST_KEY_NSHealthShareUsageDescription = "Health sharing";
				INFOPLIST_KEY_UIApplicationSceneManifest_Generation = YES;
				INFOPLIST_KEY_UIApplicationSupportsIndirectInputEvents = YES;
				INFOPLIST_KEY_UILaunchScreen_Generation = YES;
				INFOPLIST_KEY_UISupportedInterfaceOrientations_iPad = "UIInterfaceOrientationPortrait UIInterfaceOrientationPortraitUpsideDown UIInterfaceOrientationLandscapeLeft UIInterfaceOrientationLandscapeRight";
				INFOPLIST_KEY_UISupportedInterfaceOrientations_iPhone = "UIInterfaceOrientationPortrait UIInterfaceOrientationLandscapeLeft UIInterfaceOrientationLandscapeRight";
				IPHONEOS_DEPLOYMENT_TARGET = 14.0;
				LD_RUNPATH_SEARCH_PATHS = (
					"$(inherited)",
					"@executable_path/Frameworks",
				);
				MARKETING_VERSION = 1.0;
				PRODUCT_BUNDLE_IDENTIFIER = "shayan.shirazi.Recalibration-491-Water-";
				PRODUCT_NAME = "$(TARGET_NAME)";
				SWIFT_EMIT_LOC_STRINGS = YES;
				SWIFT_VERSION = 5.0;
				TARGETED_DEVICE_FAMILY = "1,2";
			};
			name = Debug;
		};
		FDA57DC12B8EB39E001CD170 /* Release */ = {
			isa = XCBuildConfiguration;
			buildSettings = {
				ASSETCATALOG_COMPILER_APPICON_NAME = AppIcon;
				ASSETCATALOG_COMPILER_GLOBAL_ACCENT_COLOR_NAME = AccentColor;
				CODE_SIGN_STYLE = Automatic;
				CURRENT_PROJECT_VERSION = 1;
				DEVELOPMENT_ASSET_PATHS = "\"Recalibration-491_Water+/Preview Content\"";
				DEVELOPMENT_TEAM = AQYU6V44Z6;
				ENABLE_PREVIEWS = YES;
				GENERATE_INFOPLIST_FILE = YES;
				INFOPLIST_FILE = "Recalibration-491-Water--Info.plist";
				INFOPLIST_KEY_NSHealthClinicalHealthRecordsShareUsageDescription = "Health sharing";
				INFOPLIST_KEY_NSHealthShareUsageDescription = "Health sharing";
				INFOPLIST_KEY_UIApplicationSceneManifest_Generation = YES;
				INFOPLIST_KEY_UIApplicationSupportsIndirectInputEvents = YES;
				INFOPLIST_KEY_UILaunchScreen_Generation = YES;
				INFOPLIST_KEY_UISupportedInterfaceOrientations_iPad = "UIInterfaceOrientationPortrait UIInterfaceOrientationPortraitUpsideDown UIInterfaceOrientationLandscapeLeft UIInterfaceOrientationLandscapeRight";
				INFOPLIST_KEY_UISupportedInterfaceOrientations_iPhone = "UIInterfaceOrientationPortrait UIInterfaceOrientationLandscapeLeft UIInterfaceOrientationLandscapeRight";
				IPHONEOS_DEPLOYMENT_TARGET = 14.0;
				LD_RUNPATH_SEARCH_PATHS = (
					"$(inherited)",
					"@executable_path/Frameworks",
				);
				MARKETING_VERSION = 1.0;
				PRODUCT_BUNDLE_IDENTIFIER = "shayan.shirazi.Recalibration-491-Water-";
				PRODUCT_NAME = "$(TARGET_NAME)";
				SWIFT_EMIT_LOC_STRINGS = YES;
				SWIFT_VERSION = 5.0;
				TARGETED_DEVICE_FAMILY = "1,2";
			};
			name = Release;
		};
/* End XCBuildConfiguration section */

/* Begin XCConfigurationList section */
		FDA57DAC2B8EB39C001CD170 /* Build configuration list for PBXProject "Recalibration-491_Water+" */ = {
			isa = XCConfigurationList;
			buildConfigurations = (
				FDA57DBD2B8EB39E001CD170 /* Debug */,
				FDA57DBE2B8EB39E001CD170 /* Release */,
			);
			defaultConfigurationIsVisible = 0;
			defaultConfigurationName = Release;
		};
		FDA57DBF2B8EB39E001CD170 /* Build configuration list for PBXNativeTarget "Recalibration-491_Water+" */ = {
			isa = XCConfigurationList;
			buildConfigurations = (
				FDA57DC02B8EB39E001CD170 /* Debug */,
				FDA57DC12B8EB39E001CD170 /* Release */,
			);
			defaultConfigurationIsVisible = 0;
			defaultConfigurationName = Release;
		};
/* End XCConfigurationList section */

/* Begin XCRemoteSwiftPackageReference section */
		FD8F17872B9A9ACB00528673 /* XCRemoteSwiftPackageReference "Alamofire" */ = {
			isa = XCRemoteSwiftPackageReference;
			repositoryURL = "https://github.com/Alamofire/Alamofire";
			requirement = {
				kind = upToNextMajorVersion;
				minimumVersion = 5.9.0;
			};
		};
		FD8F178C2B9A9AE900528673 /* XCRemoteSwiftPackageReference "SwiftyJSON" */ = {
			isa = XCRemoteSwiftPackageReference;
			repositoryURL = "https://github.com/SwiftyJSON/SwiftyJSON";
			requirement = {
				kind = upToNextMajorVersion;
				minimumVersion = 5.0.1;
			};
		};
/* End XCRemoteSwiftPackageReference section */

/* Begin XCSwiftPackageProductDependency section */
		FD8F17882B9A9ACB00528673 /* Alamofire */ = {
			isa = XCSwiftPackageProductDependency;
			package = FD8F17872B9A9ACB00528673 /* XCRemoteSwiftPackageReference "Alamofire" */;
			productName = Alamofire;
		};
		FD8F178A2B9A9ACB00528673 /* AlamofireDynamic */ = {
			isa = XCSwiftPackageProductDependency;
			package = FD8F17872B9A9ACB00528673 /* XCRemoteSwiftPackageReference "Alamofire" */;
			productName = AlamofireDynamic;
		};
		FD8F178D2B9A9AE900528673 /* SwiftyJSON */ = {
			isa = XCSwiftPackageProductDependency;
			package = FD8F178C2B9A9AE900528673 /* XCRemoteSwiftPackageReference "SwiftyJSON" */;
			productName = SwiftyJSON;
		};
/* End XCSwiftPackageProductDependency section */

/* Begin XCVersionGroup section */
		FD8F17AD2B9AB4B300528673 /* WaterDB.xcdatamodeld */ = {
			isa = XCVersionGroup;
			children = (
				FD8F17AE2B9AB4B300528673 /* WaterDB.xcdatamodel */,
			);
			currentVersion = FD8F17AE2B9AB4B300528673 /* WaterDB.xcdatamodel */;
			path = WaterDB.xcdatamodeld;
			sourceTree = "<group>";
			versionGroupType = wrapper.xcdatamodel;
		};
/* End XCVersionGroup section */
	};
	rootObject = FDA57DA92B8EB39C001CD170 /* Project object */;
}
